
Microsoft Visual Studio Solution File, Format Version 12.00
# Visual Studio Version 16
VisualStudioVersion = 16.0.31019.35
MinimumVisualStudioVersion = 10.0.40219.1
Project("{FAE04EC0-301F-11D3-BF4B-00C04F79EFBC}") = "Logo Quiz", "Logo Quiz.csproj", "{82210013-22F5-4A8A-968E-E7BB1D99C175}"
EndProject
Global
	GlobalSection(SolutionConfigurationPlatforms) = preSolution
		Debug|Any CPU = Debug|Any CPU
		Release|Any CPU = Release|Any CPU
	EndGlobalSection
	GlobalSection(ProjectConfigurationPlatforms) = postSolution
		{82210013-22F5-4A8A-968E-E7BB1D99C175}.Debug|Any CPU.ActiveCfg = Debug|Any CPU
		{82210013-22F5-4A8A-968E-E7BB1D99C175}.Debug|Any CPU.Build.0 = Debug|Any CPU
		{82210013-22F5-4A8A-968E-E7BB1D99C175}.Release|Any CPU.ActiveCfg = Release|Any CPU
		{82210013-22F5-4A8A-968E-E7BB1D99C175}.Release|Any CPU.Build.0 = Release|Any CPU
	EndGlobalSection
	GlobalSection(SolutionProperties) = preSolution
		HideSolutionNode = FALSE
	EndGlobalSection
	GlobalSection(ExtensibilityGlobals) = postSolution
		SolutionGuid = {13C48DF2-B9D5-4560-8F43-46A03EC18C5A}
	EndGlobalSection
EndGlobal
